// !$*UTF8*$!
{
	archiveVersion = 1;
	classes = {
	};
	objectVersion = 46;
	objects = {

/* Begin PBXBuildFile section */
		222D56211DEBF27500307361 /* Stop.png in Resources */ = {isa = PBXBuildFile; fileRef = 222D561E1DEBF27500307361 /* Stop.png */; };
		222D56221DEBF27500307361 /* pause.png in Resources */ = {isa = PBXBuildFile; fileRef = 222D561F1DEBF27500307361 /* pause.png */; };
		222D56231DEBF27500307361 /* play.png in Resources */ = {isa = PBXBuildFile; fileRef = 222D56201DEBF27500307361 /* play.png */; };
		228F39281DEA94C4002FEF7E /* AppDelegate.swift in Sources */ = {isa = PBXBuildFile; fileRef = 228F39271DEA94C4002FEF7E /* AppDelegate.swift */; };
		228F392A1DEA94C4002FEF7E /* ViewController.swift in Sources */ = {isa = PBXBuildFile; fileRef = 228F39291DEA94C4002FEF7E /* ViewController.swift */; };
		228F392D1DEA94C4002FEF7E /* Main.storyboard in Resources */ = {isa = PBXBuildFile; fileRef = 228F392B1DEA94C4002FEF7E /* Main.storyboard */; };
		228F39301DEA94C4002FEF7E /* ReproductorMusica.xcdatamodeld in Sources */ = {isa = PBXBuildFile; fileRef = 228F392E1DEA94C4002FEF7E /* ReproductorMusica.xcdatamodeld */; };
		228F39321DEA94C4002FEF7E /* Assets.xcassets in Resources */ = {isa = PBXBuildFile; fileRef = 228F39311DEA94C4002FEF7E /* Assets.xcassets */; };
		228F39351DEA94C4002FEF7E /* LaunchScreen.storyboard in Resources */ = {isa = PBXBuildFile; fileRef = 228F39331DEA94C4002FEF7E /* LaunchScreen.storyboard */; };
		2292E8131DED32150089793B /* CartelSanta.png in Resources */ = {isa = PBXBuildFile; fileRef = 2292E8121DED32150089793B /* CartelSanta.png */; };
		2292E8161DED32400089793B /* JohnLegend.png in Resources */ = {isa = PBXBuildFile; fileRef = 2292E8141DED32400089793B /* JohnLegend.png */; };
		2292E8171DED32400089793B /* PitBull.png in Resources */ = {isa = PBXBuildFile; fileRef = 2292E8151DED32400089793B /* PitBull.png */; };
		2292E81A1DED32650089793B /* RollingsTones.png in Resources */ = {isa = PBXBuildFile; fileRef = 2292E8181DED32650089793B /* RollingsTones.png */; };
		2292E81B1DED32650089793B /* TheKillers.png in Resources */ = {isa = PBXBuildFile; fileRef = 2292E8191DED32650089793B /* TheKillers.png */; };
		2292E8211DED37140089793B /* Cant Have.mp3 in Resources */ = {isa = PBXBuildFile; fileRef = 2292E81C1DED37140089793B /* Cant Have.mp3 */; };
		2292E8221DED37140089793B /* Dont Shoot Me Santa.mp3 in Resources */ = {isa = PBXBuildFile; fileRef = 2292E81D1DED37140089793B /* Dont Shoot Me Santa.mp3 */; };
		2292E8231DED37140089793B /* I Know Better.mp3 in Resources */ = {isa = PBXBuildFile; fileRef = 2292E81E1DED37140089793B /* I Know Better.mp3 */; };
		2292E8241DED37140089793B /* Ride Em On Down.mp3 in Resources */ = {isa = PBXBuildFile; fileRef = 2292E81F1DED37140089793B /* Ride Em On Down.mp3 */; };
		2292E8251DED37140089793B /* Volvio el Sensei.mp3 in Resources */ = {isa = PBXBuildFile; fileRef = 2292E8201DED37140089793B /* Volvio el Sensei.mp3 */; };
/* End PBXBuildFile section */

/* Begin PBXFileReference section */
		222D561E1DEBF27500307361 /* Stop.png */ = {isa = PBXFileReference; lastKnownFileType = image.png; path = Stop.png; sourceTree = "<group>"; };
		222D561F1DEBF27500307361 /* pause.png */ = {isa = PBXFileReference; lastKnownFileType = image.png; path = pause.png; sourceTree = "<group>"; };
		222D56201DEBF27500307361 /* play.png */ = {isa = PBXFileReference; lastKnownFileType = image.png; path = play.png; sourceTree = "<group>"; };
		228F39241DEA94C4002FEF7E /* ReproductorMusica.app */ = {isa = PBXFileReference; explicitFileType = wrapper.application; includeInIndex = 0; path = ReproductorMusica.app; sourceTree = BUILT_PRODUCTS_DIR; };
		228F39271DEA94C4002FEF7E /* AppDelegate.swift */ = {isa = PBXFileReference; lastKnownFileType = sourcecode.swift; path = AppDelegate.swift; sourceTree = "<group>"; };
		228F39291DEA94C4002FEF7E /* ViewController.swift */ = {isa = PBXFileReference; lastKnownFileType = sourcecode.swift; path = ViewController.swift; sourceTree = "<group>"; };
		228F392C1DEA94C4002FEF7E /* Base */ = {isa = PBXFileReference; lastKnownFileType = file.storyboard; name = Base; path = Base.lproj/Main.storyboard; sourceTree = "<group>"; };
		228F392F1DEA94C4002FEF7E /* ReproductorMusica.xcdatamodel */ = {isa = PBXFileReference; lastKnownFileType = wrapper.xcdatamodel; path = ReproductorMusica.xcdatamodel; sourceTree = "<group>"; };
		228F39311DEA94C4002FEF7E /* Assets.xcassets */ = {isa = PBXFileReference; lastKnownFileType = folder.assetcatalog; path = Assets.xcassets; sourceTree = "<group>"; };
		228F39341DEA94C4002FEF7E /* Base */ = {isa = PBXFileReference; lastKnownFileType = file.storyboard; name = Base; path = Base.lproj/LaunchScreen.storyboard; sourceTree = "<group>"; };
		228F39361DEA94C4002FEF7E /* Info.plist */ = {isa = PBXFileReference; lastKnownFileType = text.plist.xml; path = Info.plist; sourceTree = "<group>"; };
		2292E8121DED32150089793B /* CartelSanta.png */ = {isa = PBXFileReference; lastKnownFileType = image.png; path = CartelSanta.png; sourceTree = "<group>"; };
		2292E8141DED32400089793B /* JohnLegend.png */ = {isa = PBXFileReference; lastKnownFileType = image.png; path = JohnLegend.png; sourceTree = "<group>"; };
		2292E8151DED32400089793B /* PitBull.png */ = {isa = PBXFileReference; lastKnownFileType = image.png; path = PitBull.png; sourceTree = "<group>"; };
		2292E8181DED32650089793B /* RollingsTones.png */ = {isa = PBXFileReference; lastKnownFileType = image.png; path = RollingsTones.png; sourceTree = "<group>"; };
		2292E8191DED32650089793B /* TheKillers.png */ = {isa = PBXFileReference; lastKnownFileType = image.png; path = TheKillers.png; sourceTree = "<group>"; };
		2292E81C1DED37140089793B /* Cant Have.mp3 */ = {isa = PBXFileReference; lastKnownFileType = audio.mp3; path = "Cant Have.mp3"; sourceTree = "<group>"; };
		2292E81D1DED37140089793B /* Dont Shoot Me Santa.mp3 */ = {isa = PBXFileReference; lastKnownFileType = audio.mp3; path = "Dont Shoot Me Santa.mp3"; sourceTree = "<group>"; };
		2292E81E1DED37140089793B /* I Know Better.mp3 */ = {isa = PBXFileReference; lastKnownFileType = audio.mp3; path = "I Know Better.mp3"; sourceTree = "<group>"; };
		2292E81F1DED37140089793B /* Ride Em On Down.mp3 */ = {isa = PBXFileReference; lastKnownFileType = audio.mp3; path = "Ride Em On Down.mp3"; sourceTree = "<group>"; };
		2292E8201DED37140089793B /* Volvio el Sensei.mp3 */ = {isa = PBXFileReference; lastKnownFileType = audio.mp3; path = "Volvio el Sensei.mp3"; sourceTree = "<group>"; };
/* End PBXFileReference section */

/* Begin PBXFrameworksBuildPhase section */
		228F39211DEA94C4002FEF7E /* Frameworks */ = {
			isa = PBXFrameworksBuildPhase;
			buildActionMask = 2147483647;
			files = (
			);
			runOnlyForDeploymentPostprocessing = 0;
		};
/* End PBXFrameworksBuildPhase section */

/* Begin PBXGroup section */
		228F391B1DEA94C4002FEF7E = {
			isa = PBXGroup;
			children = (
				228F39261DEA94C4002FEF7E /* ReproductorMusica */,
				228F39251DEA94C4002FEF7E /* Products */,
			);
			sourceTree = "<group>";
		};
		228F39251DEA94C4002FEF7E /* Products */ = {
			isa = PBXGroup;
			children = (
				228F39241DEA94C4002FEF7E /* ReproductorMusica.app */,
			);
			name = Products;
			sourceTree = "<group>";
		};
		228F39261DEA94C4002FEF7E /* ReproductorMusica */ = {
			isa = PBXGroup;
			children = (
				2292E81C1DED37140089793B /* Cant Have.mp3 */,
				2292E81D1DED37140089793B /* Dont Shoot Me Santa.mp3 */,
				2292E81E1DED37140089793B /* I Know Better.mp3 */,
				2292E81F1DED37140089793B /* Ride Em On Down.mp3 */,
				2292E8201DED37140089793B /* Volvio el Sensei.mp3 */,
				2292E8181DED32650089793B /* RollingsTones.png */,
				2292E8191DED32650089793B /* TheKillers.png */,
				2292E8141DED32400089793B /* JohnLegend.png */,
				2292E8151DED32400089793B /* PitBull.png */,
				2292E8121DED32150089793B /* CartelSanta.png */,
				222D561E1DEBF27500307361 /* Stop.png */,
				222D561F1DEBF27500307361 /* pause.png */,
				222D56201DEBF27500307361 /* play.png */,
				228F39271DEA94C4002FEF7E /* AppDelegate.swift */,
				228F39291DEA94C4002FEF7E /* ViewController.swift */,
				228F392B1DEA94C4002FEF7E /* Main.storyboard */,
				228F39311DEA94C4002FEF7E /* Assets.xcassets */,
				228F39331DEA94C4002FEF7E /* LaunchScreen.storyboard */,
				228F39361DEA94C4002FEF7E /* Info.plist */,
				228F392E1DEA94C4002FEF7E /* ReproductorMusica.xcdatamodeld */,
			);
			path = ReproductorMusica;
			sourceTree = "<group>";
		};
/* End PBXGroup section */

/* Begin PBXNativeTarget section */
		228F39231DEA94C4002FEF7E /* ReproductorMusica */ = {
			isa = PBXNativeTarget;
			buildConfigurationList = 228F39391DEA94C4002FEF7E /* Build configuration list for PBXNativeTarget "ReproductorMusica" */;
			buildPhases = (
				228F39201DEA94C4002FEF7E /* Sources */,
				228F39211DEA94C4002FEF7E /* Frameworks */,
				228F39221DEA94C4002FEF7E /* Resources */,
			);
			buildRules = (
			);
			dependencies = (
			);
			name = ReproductorMusica;
			productName = ReproductorMusica;
			productReference = 228F39241DEA94C4002FEF7E /* ReproductorMusica.app */;
			productType = "com.apple.product-type.application";
		};
/* End PBXNativeTarget section */

/* Begin PBXProject section */
		228F391C1DEA94C4002FEF7E /* Project object */ = {
			isa = PBXProject;
			attributes = {
				LastSwiftUpdateCheck = 0800;
				LastUpgradeCheck = 0800;
				ORGANIZATIONNAME = gezuzm;
				TargetAttributes = {
					228F39231DEA94C4002FEF7E = {
						CreatedOnToolsVersion = 8.0;
						ProvisioningStyle = Automatic;
					};
				};
			};
			buildConfigurationList = 228F391F1DEA94C4002FEF7E /* Build configuration list for PBXProject "ReproductorMusica" */;
			compatibilityVersion = "Xcode 3.2";
			developmentRegion = English;
			hasScannedForEncodings = 0;
			knownRegions = (
				en,
				Base,
			);
			mainGroup = 228F391B1DEA94C4002FEF7E;
			productRefGroup = 228F39251DEA94C4002FEF7E /* Products */;
			projectDirPath = "";
			projectRoot = "";
			targets = (
				228F39231DEA94C4002FEF7E /* ReproductorMusica */,
			);
		};
/* End PBXProject section */

/* Begin PBXResourcesBuildPhase section */
		228F39221DEA94C4002FEF7E /* Resources */ = {
			isa = PBXResourcesBuildPhase;
			buildActionMask = 2147483647;
			files = (
				222D56211DEBF27500307361 /* Stop.png in Resources */,
				2292E81A1DED32650089793B /* RollingsTones.png in Resources */,
				2292E8131DED32150089793B /* CartelSanta.png in Resources */,
				228F39351DEA94C4002FEF7E /* LaunchScreen.storyboard in Resources */,
				222D56221DEBF27500307361 /* pause.png in Resources */,
				2292E8211DED37140089793B /* Cant Have.mp3 in Resources */,
				2292E81B1DED32650089793B /* TheKillers.png in Resources */,
				228F39321DEA94C4002FEF7E /* Assets.xcassets in Resources */,
				222D56231DEBF27500307361 /* play.png in Resources */,
				2292E8251DED37140089793B /* Volvio el Sensei.mp3 in Resources */,
				2292E8221DED37140089793B /* Dont Shoot Me Santa.mp3 in Resources */,
				2292E8241DED37140089793B /* Ride Em On Down.mp3 in Resources */,
				228F392D1DEA94C4002FEF7E /* Main.storyboard in Resources */,
				2292E8231DED37140089793B /* I Know Better.mp3 in Resources */,
				2292E8171DED32400089793B /* PitBull.png in Resources */,
				2292E8161DED32400089793B /* JohnLegend.png in Resources */,
			);
			runOnlyForDeploymentPostprocessing = 0;
		};
/* End PBXResourcesBuildPhase section */

/* Begin PBXSourcesBuildPhase section */
		228F39201DEA94C4002FEF7E /* Sources */ = {
			isa = PBXSourcesBuildPhase;
			buildActionMask = 2147483647;
			files = (
				228F392A1DEA94C4002FEF7E /* ViewController.swift in Sources */,
				228F39301DEA94C4002FEF7E /* ReproductorMusica.xcdatamodeld in Sources */,
				228F39281DEA94C4002FEF7E /* AppDelegate.swift in Sources */,
			);
			runOnlyForDeploymentPostprocessing = 0;
		};
/* End PBXSourcesBuildPhase section */

/* Begin PBXVariantGroup section */
		228F392B1DEA94C4002FEF7E /* Main.storyboard */ = {
			isa = PBXVariantGroup;
			children = (
				228F392C1DEA94C4002FEF7E /* Base */,
			);
			name = Main.storyboard;
			sourceTree = "<group>";
		};
		228F39331DEA94C4002FEF7E /* LaunchScreen.storyboard */ = {
			isa = PBXVariantGroup;
			children = (
				228F39341DEA94C4002FEF7E /* Base */,
			);
			name = LaunchScreen.storyboard;
			sourceTree = "<group>";
		};
/* End PBXVariantGroup section */

/* Begin XCBuildConfiguration section */
		228F39371DEA94C4002FEF7E /* Debug */ = {
			isa = XCBuildConfiguration;
			buildSettings = {
				ALWAYS_SEARCH_USER_PATHS = NO;
				CLANG_ANALYZER_NONNULL = YES;
				CLANG_CXX_LANGUAGE_STANDARD = "gnu++0x";
				CLANG_CXX_LIBRARY = "libc++";
				CLANG_ENABLE_MODULES = YES;
				CLANG_ENABLE_OBJC_ARC = YES;
				CLANG_WARN_BOOL_CONVERSION = YES;
				CLANG_WARN_CONSTANT_CONVERSION = YES;
				CLANG_WARN_DIRECT_OBJC_ISA_USAGE = YES_ERROR;
				CLANG_WARN_DOCUMENTATION_COMMENTS = YES;
				CLANG_WARN_EMPTY_BODY = YES;
				CLANG_WARN_ENUM_CONVERSION = YES;
				CLANG_WARN_INFINITE_RECURSION = YES;
				CLANG_WARN_INT_CONVERSION = YES;
				CLANG_WARN_OBJC_ROOT_CLASS = YES_ERROR;
				CLANG_WARN_SUSPICIOUS_MOVES = YES;
				CLANG_WARN_UNREACHABLE_CODE = YES;
				CLANG_WARN__DUPLICATE_METHOD_MATCH = YES;
				"CODE_SIGN_IDENTITY[sdk=iphoneos*]" = "iPhone Developer";
				COPY_PHASE_STRIP = NO;
				DEBUG_INFORMATION_FORMAT = dwarf;
				ENABLE_STRICT_OBJC_MSGSEND = YES;
				ENABLE_TESTABILITY = YES;
				GCC_C_LANGUAGE_STANDARD = gnu99;
				GCC_DYNAMIC_NO_PIC = NO;
				GCC_NO_COMMON_BLOCKS = YES;
				GCC_OPTIMIZATION_LEVEL = 0;
				GCC_PREPROCESSOR_DEFINITIONS = (
					"DEBUG=1",
					"$(inherited)",
				);
				GCC_WARN_64_TO_32_BIT_CONVERSION = YES;
				GCC_WARN_ABOUT_RETURN_TYPE = YES_ERROR;
				GCC_WARN_UNDECLARED_SELECTOR = YES;
				GCC_WARN_UNINITIALIZED_AUTOS = YES_AGGRESSIVE;
				GCC_WARN_UNUSED_FUNCTION = YES;
				GCC_WARN_UNUSED_VARIABLE = YES;
				IPHONEOS_DEPLOYMENT_TARGET = 10.0;
				MTL_ENABLE_DEBUG_INFO = YES;
				ONLY_ACTIVE_ARCH = YES;
				SDKROOT = iphoneos;
				SWIFT_ACTIVE_COMPILATION_CONDITIONS = DEBUG;
				SWIFT_OPTIMIZATION_LEVEL = "-Onone";
			};
			name = Debug;
		};
		228F39381DEA94C4002FEF7E /* Release */ = {
			isa = XCBuildConfiguration;
			buildSettings = {
				ALWAYS_SEARCH_USER_PATHS = NO;
				CLANG_ANALYZER_NONNULL = YES;
				CLANG_CXX_LANGUAGE_STANDARD = "gnu++0x";
				CLANG_CXX_LIBRARY = "libc++";
				CLANG_ENABLE_MODULES = YES;
				CLANG_ENABLE_OBJC_ARC = YES;
				CLANG_WARN_BOOL_CONVERSION = YES;
				CLANG_WARN_CONSTANT_CONVERSION = YES;
				CLANG_WARN_DIRECT_OBJC_ISA_USAGE = YES_ERROR;
				CLANG_WARN_DOCUMENTATION_COMMENTS = YES;
				CLANG_WARN_EMPTY_BODY = YES;
				CLANG_WARN_ENUM_CONVERSION = YES;
				CLANG_WARN_INFINITE_RECURSION = YES;
				CLANG_WARN_INT_CONVERSION = YES;
				CLANG_WARN_OBJC_ROOT_CLASS = YES_ERROR;
				CLANG_WARN_SUSPICIOUS_MOVES = YES;
				CLANG_WARN_UNREACHABLE_CODE = YES;
				CLANG_WARN__DUPLICATE_METHOD_MATCH = YES;
				"CODE_SIGN_IDENTITY[sdk=iphoneos*]" = "iPhone Developer";
				COPY_PHASE_STRIP = NO;
				DEBUG_INFORMATION_FORMAT = "dwarf-with-dsym";
				ENABLE_NS_ASSERTIONS = NO;
				ENABLE_STRICT_OBJC_MSGSEND = YES;
				GCC_C_LANGUAGE_STANDARD = gnu99;
				GCC_NO_COMMON_BLOCKS = YES;
				GCC_WARN_64_TO_32_BIT_CONVERSION = YES;
				GCC_WARN_ABOUT_RETURN_TYPE = YES_ERROR;
				GCC_WARN_UNDECLARED_SELECTOR = YES;
				GCC_WARN_UNINITIALIZED_AUTOS = YES_AGGRESSIVE;
				GCC_WARN_UNUSED_FUNCTION = YES;
				GCC_WARN_UNUSED_VARIABLE = YES;
				IPHONEOS_DEPLOYMENT_TARGET = 10.0;
				MTL_ENABLE_DEBUG_INFO = NO;
				SDKROOT = iphoneos;
				SWIFT_OPTIMIZATION_LEVEL = "-Owholemodule";
				VALIDATE_PRODUCT = YES;
			};
			name = Release;
		};
		228F393A1DEA94C4002FEF7E /* Debug */ = {
			isa = XCBuildConfiguration;
			buildSettings = {
				ASSETCATALOG_COMPILER_APPICON_NAME = AppIcon;
				INFOPLIST_FILE = ReproductorMusica/Info.plist;
				IPHONEOS_DEPLOYMENT_TARGET = 10.0;
				LD_RUNPATH_SEARCH_PATHS = "$(inherited) @executable_path/Frameworks";
				PRODUCT_BUNDLE_IDENTIFIER = mx.gezuzm.ReproductorMusica;
				PRODUCT_NAME = "$(TARGET_NAME)";
				SWIFT_VERSION = 3.0;
			};
			name = Debug;
		};
		228F393B1DEA94C4002FEF7E /* Release */ = {
			isa = XCBuildConfiguration;
			buildSettings = {
				ASSETCATALOG_COMPILER_APPICON_NAME = AppIcon;
				INFOPLIST_FILE = ReproductorMusica/Info.plist;
				IPHONEOS_DEPLOYMENT_TARGET = 10.0;
				LD_RUNPATH_SEARCH_PATHS = "$(inherited) @executable_path/Frameworks";
				PRODUCT_BUNDLE_IDENTIFIER = mx.gezuzm.ReproductorMusica;
				PRODUCT_NAME = "$(TARGET_NAME)";
				SWIFT_VERSION = 3.0;
			};
			name = Release;
		};
/* End XCBuildConfiguration section */

/* Begin XCConfigurationList section */
		228F391F1DEA94C4002FEF7E /* Build configuration list for PBXProject "ReproductorMusica" */ = {
			isa = XCConfigurationList;
			buildConfigurations = (
				228F39371DEA94C4002FEF7E /* Debug */,
				228F39381DEA94C4002FEF7E /* Release */,
			);
			defaultConfigurationIsVisible = 0;
			defaultConfigurationName = Release;
		};
		228F39391DEA94C4002FEF7E /* Build configuration list for PBXNativeTarget "ReproductorMusica" */ = {
			isa = XCConfigurationList;
			buildConfigurations = (
				228F393A1DEA94C4002FEF7E /* Debug */,
				228F393B1DEA94C4002FEF7E /* Release */,
			);
			defaultConfigurationIsVisible = 0;
			defaultConfigurationName = Release;
		};
/* End XCConfigurationList section */

/* Begin XCVersionGroup section */
		228F392E1DEA94C4002FEF7E /* ReproductorMusica.xcdatamodeld */ = {
			isa = XCVersionGroup;
			children = (
				228F392F1DEA94C4002FEF7E /* ReproductorMusica.xcdatamodel */,
			);
			currentVersion = 228F392F1DEA94C4002FEF7E /* ReproductorMusica.xcdatamodel */;
			path = ReproductorMusica.xcdatamodeld;
			sourceTree = "<group>";
			versionGroupType = wrapper.xcdatamodel;
		};
/* End XCVersionGroup section */
	};
	rootObject = 228F391C1DEA94C4002FEF7E /* Project object */;
}
